// !$*UTF8*$!
{
	archiveVersion = 1;
	classes = {
	};
	objectVersion = 55;
	objects = {

/* Begin PBXBuildFile section */
		FA5B07E029310F32005ABF1D /* AppDelegate.swift in Sources */ = {isa = PBXBuildFile; fileRef = FA5B07DF29310F32005ABF1D /* AppDelegate.swift */; };
		FA5B07E229310F32005ABF1D /* SceneDelegate.swift in Sources */ = {isa = PBXBuildFile; fileRef = FA5B07E129310F32005ABF1D /* SceneDelegate.swift */; };
		FA5B07E429310F32005ABF1D /* ViewController.swift in Sources */ = {isa = PBXBuildFile; fileRef = FA5B07E329310F32005ABF1D /* ViewController.swift */; };
		FA5B07E729310F32005ABF1D /* Main.storyboard in Resources */ = {isa = PBXBuildFile; fileRef = FA5B07E529310F32005ABF1D /* Main.storyboard */; };
		FA5B07EA29310F32005ABF1D /* LOGREG.xcdatamodeld in Sources */ = {isa = PBXBuildFile; fileRef = FA5B07E829310F32005ABF1D /* LOGREG.xcdatamodeld */; };
		FA5B07EC29310F34005ABF1D /* Assets.xcassets in Resources */ = {isa = PBXBuildFile; fileRef = FA5B07EB29310F34005ABF1D /* Assets.xcassets */; };
		FA5B07EF29310F34005ABF1D /* LaunchScreen.storyboard in Resources */ = {isa = PBXBuildFile; fileRef = FA5B07ED29310F34005ABF1D /* LaunchScreen.storyboard */; };
		FA5B07F829310F9F005ABF1D /* LOGREG+CoreDataClass.swift in Sources */ = {isa = PBXBuildFile; fileRef = FA5B07F629310F9F005ABF1D /* LOGREG+CoreDataClass.swift */; };
		FA5B07F929310F9F005ABF1D /* LOGREG+CoreDataProperties.swift in Sources */ = {isa = PBXBuildFile; fileRef = FA5B07F729310F9F005ABF1D /* LOGREG+CoreDataProperties.swift */; };
		FA5B07FE29311162005ABF1D /* SaveVC.swift in Sources */ = {isa = PBXBuildFile; fileRef = FA5B07FD29311162005ABF1D /* SaveVC.swift */; };
		FA5B0800293118C1005ABF1D /* LoginVC.swift in Sources */ = {isa = PBXBuildFile; fileRef = FA5B07FF293118C1005ABF1D /* LoginVC.swift */; };
		FA5B080229311DDC005ABF1D /* Store.swift in Sources */ = {isa = PBXBuildFile; fileRef = FA5B080129311DDC005ABF1D /* Store.swift */; };
/* End PBXBuildFile section */

/* Begin PBXFileReference section */
		FA5B07DC29310F32005ABF1D /* LOGREG.app */ = {isa = PBXFileReference; explicitFileType = wrapper.application; includeInIndex = 0; path = LOGREG.app; sourceTree = BUILT_PRODUCTS_DIR; };
		FA5B07DF29310F32005ABF1D /* AppDelegate.swift */ = {isa = PBXFileReference; lastKnownFileType = sourcecode.swift; path = AppDelegate.swift; sourceTree = "<group>"; };
		FA5B07E129310F32005ABF1D /* SceneDelegate.swift */ = {isa = PBXFileReference; lastKnownFileType = sourcecode.swift; path = SceneDelegate.swift; sourceTree = "<group>"; };
		FA5B07E329310F32005ABF1D /* ViewController.swift */ = {isa = PBXFileReference; lastKnownFileType = sourcecode.swift; path = ViewController.swift; sourceTree = "<group>"; };
		FA5B07E629310F32005ABF1D /* Base */ = {isa = PBXFileReference; lastKnownFileType = file.storyboard; name = Base; path = Base.lproj/Main.storyboard; sourceTree = "<group>"; };
		FA5B07E929310F32005ABF1D /* LOGREG.xcdatamodel */ = {isa = PBXFileReference; lastKnownFileType = wrapper.xcdatamodel; path = LOGREG.xcdatamodel; sourceTree = "<group>"; };
		FA5B07EB29310F34005ABF1D /* Assets.xcassets */ = {isa = PBXFileReference; lastKnownFileType = folder.assetcatalog; path = Assets.xcassets; sourceTree = "<group>"; };
		FA5B07EE29310F34005ABF1D /* Base */ = {isa = PBXFileReference; lastKnownFileType = file.storyboard; name = Base; path = Base.lproj/LaunchScreen.storyboard; sourceTree = "<group>"; };
		FA5B07F029310F34005ABF1D /* Info.plist */ = {isa = PBXFileReference; lastKnownFileType = text.plist.xml; path = Info.plist; sourceTree = "<group>"; };
		FA5B07F629310F9F005ABF1D /* LOGREG+CoreDataClass.swift */ = {isa = PBXFileReference; lastKnownFileType = sourcecode.swift; path = "LOGREG+CoreDataClass.swift"; sourceTree = "<group>"; };
		FA5B07F729310F9F005ABF1D /* LOGREG+CoreDataProperties.swift */ = {isa = PBXFileReference; lastKnownFileType = sourcecode.swift; path = "LOGREG+CoreDataProperties.swift"; sourceTree = "<group>"; };
		FA5B07FD29311162005ABF1D /* SaveVC.swift */ = {isa = PBXFileReference; lastKnownFileType = sourcecode.swift; path = SaveVC.swift; sourceTree = "<group>"; };
		FA5B07FF293118C1005ABF1D /* LoginVC.swift */ = {isa = PBXFileReference; lastKnownFileType = sourcecode.swift; path = LoginVC.swift; sourceTree = "<group>"; };
		FA5B080129311DDC005ABF1D /* Store.swift */ = {isa = PBXFileReference; lastKnownFileType = sourcecode.swift; path = Store.swift; sourceTree = "<group>"; };
/* End PBXFileReference section */

/* Begin PBXFrameworksBuildPhase section */
		FA5B07D929310F32005ABF1D /* Frameworks */ = {
			isa = PBXFrameworksBuildPhase;
			buildActionMask = 2147483647;
			files = (
			);
			runOnlyForDeploymentPostprocessing = 0;
		};
/* End PBXFrameworksBuildPhase section */

/* Begin PBXGroup section */
		FA5B07D329310F32005ABF1D = {
			isa = PBXGroup;
			children = (
				FA5B07FC29311001005ABF1D /* Login */,
				FA5B07DE29310F32005ABF1D /* LOGREG */,
				FA5B07DD29310F32005ABF1D /* Products */,
			);
			sourceTree = "<group>";
		};
		FA5B07DD29310F32005ABF1D /* Products */ = {
			isa = PBXGroup;
			children = (
				FA5B07DC29310F32005ABF1D /* LOGREG.app */,
			);
			name = Products;
			sourceTree = "<group>";
		};
		FA5B07DE29310F32005ABF1D /* LOGREG */ = {
			isa = PBXGroup;
			children = (
				FA5B07DF29310F32005ABF1D /* AppDelegate.swift */,
				FA5B07E129310F32005ABF1D /* SceneDelegate.swift */,
				FA5B07E329310F32005ABF1D /* ViewController.swift */,
				FA5B07E529310F32005ABF1D /* Main.storyboard */,
				FA5B07FF293118C1005ABF1D /* LoginVC.swift */,
				FA5B080129311DDC005ABF1D /* Store.swift */,
				FA5B07FD29311162005ABF1D /* SaveVC.swift */,
				FA5B07EB29310F34005ABF1D /* Assets.xcassets */,
				FA5B07ED29310F34005ABF1D /* LaunchScreen.storyboard */,
				FA5B07F029310F34005ABF1D /* Info.plist */,
				FA5B07E829310F32005ABF1D /* LOGREG.xcdatamodeld */,
			);
			path = LOGREG;
			sourceTree = "<group>";
		};
		FA5B07FC29311001005ABF1D /* Login */ = {
			isa = PBXGroup;
			children = (
				FA5B07F729310F9F005ABF1D /* LOGREG+CoreDataProperties.swift */,
				FA5B07F629310F9F005ABF1D /* LOGREG+CoreDataClass.swift */,
			);
			path = Login;
			sourceTree = "<group>";
		};
/* End PBXGroup section */

/* Begin PBXNativeTarget section */
		FA5B07DB29310F32005ABF1D /* LOGREG */ = {
			isa = PBXNativeTarget;
			buildConfigurationList = FA5B07F329310F34005ABF1D /* Build configuration list for PBXNativeTarget "LOGREG" */;
			buildPhases = (
				FA5B07D829310F32005ABF1D /* Sources */,
				FA5B07D929310F32005ABF1D /* Frameworks */,
				FA5B07DA29310F32005ABF1D /* Resources */,
			);
			buildRules = (
			);
			dependencies = (
			);
			name = LOGREG;
			productName = LOGREG;
			productReference = FA5B07DC29310F32005ABF1D /* LOGREG.app */;
			productType = "com.apple.product-type.application";
		};
/* End PBXNativeTarget section */

/* Begin PBXProject section */
		FA5B07D429310F32005ABF1D /* Project object */ = {
			isa = PBXProject;
			attributes = {
				BuildIndependentTargetsInParallel = 1;
				LastSwiftUpdateCheck = 1340;
				LastUpgradeCheck = 1340;
				TargetAttributes = {
					FA5B07DB29310F32005ABF1D = {
						CreatedOnToolsVersion = 13.4.1;
					};
				};
			};
			buildConfigurationList = FA5B07D729310F32005ABF1D /* Build configuration list for PBXProject "LOGREG" */;
			compatibilityVersion = "Xcode 13.0";
			developmentRegion = en;
			hasScannedForEncodings = 0;
			knownRegions = (
				en,
				Base,
			);
			mainGroup = FA5B07D329310F32005ABF1D;
			productRefGroup = FA5B07DD29310F32005ABF1D /* Products */;
			projectDirPath = "";
			projectRoot = "";
			targets = (
				FA5B07DB29310F32005ABF1D /* LOGREG */,
			);
		};
/* End PBXProject section */

/* Begin PBXResourcesBuildPhase section */
		FA5B07DA29310F32005ABF1D /* Resources */ = {
			isa = PBXResourcesBuildPhase;
			buildActionMask = 2147483647;
			files = (
				FA5B07EF29310F34005ABF1D /* LaunchScreen.storyboard in Resources */,
				FA5B07EC29310F34005ABF1D /* Assets.xcassets in Resources */,
				FA5B07E729310F32005ABF1D /* Main.storyboard in Resources */,
			);
			runOnlyForDeploymentPostprocessing = 0;
		};
/* End PBXResourcesBuildPhase section */

/* Begin PBXSourcesBuildPhase section */
		FA5B07D829310F32005ABF1D /* Sources */ = {
			isa = PBXSourcesBuildPhase;
			buildActionMask = 2147483647;
			files = (
				FA5B07E429310F32005ABF1D /* ViewController.swift in Sources */,
				FA5B07E029310F32005ABF1D /* AppDelegate.swift in Sources */,
				FA5B0800293118C1005ABF1D /* LoginVC.swift in Sources */,
				FA5B080229311DDC005ABF1D /* Store.swift in Sources */,
				FA5B07F829310F9F005ABF1D /* LOGREG+CoreDataClass.swift in Sources */,
				FA5B07E229310F32005ABF1D /* SceneDelegate.swift in Sources */,
				FA5B07EA29310F32005ABF1D /* LOGREG.xcdatamodeld in Sources */,
				FA5B07FE29311162005ABF1D /* SaveVC.swift in Sources */,
				FA5B07F929310F9F005ABF1D /* LOGREG+CoreDataProperties.swift in Sources */,
			);
			runOnlyForDeploymentPostprocessing = 0;
		};
/* End PBXSourcesBuildPhase section */

/* Begin PBXVariantGroup section */
		FA5B07E529310F32005ABF1D /* Main.storyboard */ = {
			isa = PBXVariantGroup;
			children = (
				FA5B07E629310F32005ABF1D /* Base */,
			);
			name = Main.storyboard;
			sourceTree = "<group>";
		};
		FA5B07ED29310F34005ABF1D /* LaunchScreen.storyboard */ = {
			isa = PBXVariantGroup;
			children = (
				FA5B07EE29310F34005ABF1D /* Base */,
			);
			name = LaunchScreen.storyboard;
			sourceTree = "<group>";
		};
/* End PBXVariantGroup section */

/* Begin XCBuildConfiguration section */
		FA5B07F129310F34005ABF1D /* Debug */ = {
			isa = XCBuildConfiguration;
			buildSettings = {
				ALWAYS_SEARCH_USER_PATHS = NO;
				CLANG_ANALYZER_NONNULL = YES;
				CLANG_ANALYZER_NUMBER_OBJECT_CONVERSION = YES_AGGRESSIVE;
				CLANG_CXX_LANGUAGE_STANDARD = "gnu++17";
				CLANG_ENABLE_MODULES = YES;
				CLANG_ENABLE_OBJC_ARC = YES;
				CLANG_ENABLE_OBJC_WEAK = YES;
				CLANG_WARN_BLOCK_CAPTURE_AUTORELEASING = YES;
				CLANG_WARN_BOOL_CONVERSION = YES;
				CLANG_WARN_COMMA = YES;
				CLANG_WARN_CONSTANT_CONVERSION = YES;
				CLANG_WARN_DEPRECATED_OBJC_IMPLEMENTATIONS = YES;
				CLANG_WARN_DIRECT_OBJC_ISA_USAGE = YES_ERROR;
				CLANG_WARN_DOCUMENTATION_COMMENTS = YES;
				CLANG_WARN_EMPTY_BODY = YES;
				CLANG_WARN_ENUM_CONVERSION = YES;
				CLANG_WARN_INFINITE_RECURSION = YES;
				CLANG_WARN_INT_CONVERSION = YES;
				CLANG_WARN_NON_LITERAL_NULL_CONVERSION = YES;
				CLANG_WARN_OBJC_IMPLICIT_RETAIN_SELF = YES;
				CLANG_WARN_OBJC_LITERAL_CONVERSION = YES;
				CLANG_WARN_OBJC_ROOT_CLASS = YES_ERROR;
				CLANG_WARN_QUOTED_INCLUDE_IN_FRAMEWORK_HEADER = YES;
				CLANG_WARN_RANGE_LOOP_ANALYSIS = YES;
				CLANG_WARN_STRICT_PROTOTYPES = YES;
				CLANG_WARN_SUSPICIOUS_MOVE = YES;
				CLANG_WARN_UNGUARDED_AVAILABILITY = YES_AGGRESSIVE;
				CLANG_WARN_UNREACHABLE_CODE = YES;
				CLANG_WARN__DUPLICATE_METHOD_MATCH = YES;
				COPY_PHASE_STRIP = NO;
				DEBUG_INFORMATION_FORMAT = dwarf;
				ENABLE_STRICT_OBJC_MSGSEND = YES;
				ENABLE_TESTABILITY = YES;
				GCC_C_LANGUAGE_STANDARD = gnu11;
				GCC_DYNAMIC_NO_PIC = NO;
				GCC_NO_COMMON_BLOCKS = YES;
				GCC_OPTIMIZATION_LEVEL = 0;
				GCC_PREPROCESSOR_DEFINITIONS = (
					"DEBUG=1",
					"$(inherited)",
				);
				GCC_WARN_64_TO_32_BIT_CONVERSION = YES;
				GCC_WARN_ABOUT_RETURN_TYPE = YES_ERROR;
				GCC_WARN_UNDECLARED_SELECTOR = YES;
				GCC_WARN_UNINITIALIZED_AUTOS = YES_AGGRESSIVE;
				GCC_WARN_UNUSED_FUNCTION = YES;
				GCC_WARN_UNUSED_VARIABLE = YES;
				IPHONEOS_DEPLOYMENT_TARGET = 15.5;
				MTL_ENABLE_DEBUG_INFO = INCLUDE_SOURCE;
				MTL_FAST_MATH = YES;
				ONLY_ACTIVE_ARCH = YES;
				SDKROOT = iphoneos;
				SWIFT_ACTIVE_COMPILATION_CONDITIONS = DEBUG;
				SWIFT_OPTIMIZATION_LEVEL = "-Onone";
			};
			name = Debug;
		};
		FA5B07F229310F34005ABF1D /* Release */ = {
			isa = XCBuildConfiguration;
			buildSettings = {
				ALWAYS_SEARCH_USER_PATHS = NO;
				CLANG_ANALYZER_NONNULL = YES;
				CLANG_ANALYZER_NUMBER_OBJECT_CONVERSION = YES_AGGRESSIVE;
				CLANG_CXX_LANGUAGE_STANDARD = "gnu++17";
				CLANG_ENABLE_MODULES = YES;
				CLANG_ENABLE_OBJC_ARC = YES;
				CLANG_ENABLE_OBJC_WEAK = YES;
				CLANG_WARN_BLOCK_CAPTURE_AUTORELEASING = YES;
				CLANG_WARN_BOOL_CONVERSION = YES;
				CLANG_WARN_COMMA = YES;
				CLANG_WARN_CONSTANT_CONVERSION = YES;
				CLANG_WARN_DEPRECATED_OBJC_IMPLEMENTATIONS = YES;
				CLANG_WARN_DIRECT_OBJC_ISA_USAGE = YES_ERROR;
				CLANG_WARN_DOCUMENTATION_COMMENTS = YES;
				CLANG_WARN_EMPTY_BODY = YES;
				CLANG_WARN_ENUM_CONVERSION = YES;
				CLANG_WARN_INFINITE_RECURSION = YES;
				CLANG_WARN_INT_CONVERSION = YES;
				CLANG_WARN_NON_LITERAL_NULL_CONVERSION = YES;
				CLANG_WARN_OBJC_IMPLICIT_RETAIN_SELF = YES;
				CLANG_WARN_OBJC_LITERAL_CONVERSION = YES;
				CLANG_WARN_OBJC_ROOT_CLASS = YES_ERROR;
				CLANG_WARN_QUOTED_INCLUDE_IN_FRAMEWORK_HEADER = YES;
				CLANG_WARN_RANGE_LOOP_ANALYSIS = YES;
				CLANG_WARN_STRICT_PROTOTYPES = YES;
				CLANG_WARN_SUSPICIOUS_MOVE = YES;
				CLANG_WARN_UNGUARDED_AVAILABILITY = YES_AGGRESSIVE;
				CLANG_WARN_UNREACHABLE_CODE = YES;
				CLANG_WARN__DUPLICATE_METHOD_MATCH = YES;
				COPY_PHASE_STRIP = NO;
				DEBUG_INFORMATION_FORMAT = "dwarf-with-dsym";
				ENABLE_NS_ASSERTIONS = NO;
				ENABLE_STRICT_OBJC_MSGSEND = YES;
				GCC_C_LANGUAGE_STANDARD = gnu11;
				GCC_NO_COMMON_BLOCKS = YES;
				GCC_WARN_64_TO_32_BIT_CONVERSION = YES;
				GCC_WARN_ABOUT_RETURN_TYPE = YES_ERROR;
				GCC_WARN_UNDECLARED_SELECTOR = YES;
				GCC_WARN_UNINITIALIZED_AUTOS = YES_AGGRESSIVE;
				GCC_WARN_UNUSED_FUNCTION = YES;
				GCC_WARN_UNUSED_VARIABLE = YES;
				IPHONEOS_DEPLOYMENT_TARGET = 15.5;
				MTL_ENABLE_DEBUG_INFO = NO;
				MTL_FAST_MATH = YES;
				SDKROOT = iphoneos;
				SWIFT_COMPILATION_MODE = wholemodule;
				SWIFT_OPTIMIZATION_LEVEL = "-O";
				VALIDATE_PRODUCT = YES;
			};
			name = Release;
		};
		FA5B07F429310F34005ABF1D /* Debug */ = {
			isa = XCBuildConfiguration;
			buildSettings = {
				ASSETCATALOG_COMPILER_APPICON_NAME = AppIcon;
				ASSETCATALOG_COMPILER_GLOBAL_ACCENT_COLOR_NAME = AccentColor;
				CODE_SIGN_STYLE = Automatic;
				CURRENT_PROJECT_VERSION = 1;
				GENERATE_INFOPLIST_FILE = YES;
				INFOPLIST_FILE = LOGREG/Info.plist;
				INFOPLIST_KEY_UIApplicationSupportsIndirectInputEvents = YES;
				INFOPLIST_KEY_UILaunchStoryboardName = LaunchScreen;
				INFOPLIST_KEY_UIMainStoryboardFile = Main;
				INFOPLIST_KEY_UISupportedInterfaceOrientations_iPad = "UIInterfaceOrientationPortrait UIInterfaceOrientationPortraitUpsideDown UIInterfaceOrientationLandscapeLeft UIInterfaceOrientationLandscapeRight";
				INFOPLIST_KEY_UISupportedInterfaceOrientations_iPhone = "UIInterfaceOrientationPortrait UIInterfaceOrientationLandscapeLeft UIInterfaceOrientationLandscapeRight";
				LD_RUNPATH_SEARCH_PATHS = (
					"$(inherited)",
					"@executable_path/Frameworks",
				);
				MARKETING_VERSION = 1.0;
				PRODUCT_BUNDLE_IDENTIFIER = c.LOGREG;
				PRODUCT_NAME = "$(TARGET_NAME)";
				SWIFT_EMIT_LOC_STRINGS = YES;
				SWIFT_VERSION = 5.0;
				TARGETED_DEVICE_FAMILY = "1,2";
			};
			name = Debug;
		};
		FA5B07F529310F34005ABF1D /* Release */ = {
			isa = XCBuildConfiguration;
			buildSettings = {
				ASSETCATALOG_COMPILER_APPICON_NAME = AppIcon;
				ASSETCATALOG_COMPILER_GLOBAL_ACCENT_COLOR_NAME = AccentColor;
				CODE_SIGN_STYLE = Automatic;
				CURRENT_PROJECT_VERSION = 1;
				GENERATE_INFOPLIST_FILE = YES;
				INFOPLIST_FILE = LOGREG/Info.plist;
				INFOPLIST_KEY_UIApplicationSupportsIndirectInputEvents = YES;
				INFOPLIST_KEY_UILaunchStoryboardName = LaunchScreen;
				INFOPLIST_KEY_UIMainStoryboardFile = Main;
				INFOPLIST_KEY_UISupportedInterfaceOrientations_iPad = "UIInterfaceOrientationPortrait UIInterfaceOrientationPortraitUpsideDown UIInterfaceOrientationLandscapeLeft UIInterfaceOrientationLandscapeRight";
				INFOPLIST_KEY_UISupportedInterfaceOrientations_iPhone = "UIInterfaceOrientationPortrait UIInterfaceOrientationLandscapeLeft UIInterfaceOrientationLandscapeRight";
				LD_RUNPATH_SEARCH_PATHS = (
					"$(inherited)",
					"@executable_path/Frameworks",
				);
				MARKETING_VERSION = 1.0;
				PRODUCT_BUNDLE_IDENTIFIER = c.LOGREG;
				PRODUCT_NAME = "$(TARGET_NAME)";
				SWIFT_EMIT_LOC_STRINGS = YES;
				SWIFT_VERSION = 5.0;
				TARGETED_DEVICE_FAMILY = "1,2";
			};
			name = Release;
		};
/* End XCBuildConfiguration section */

/* Begin XCConfigurationList section */
		FA5B07D729310F32005ABF1D /* Build configuration list for PBXProject "LOGREG" */ = {
			isa = XCConfigurationList;
			buildConfigurations = (
				FA5B07F129310F34005ABF1D /* Debug */,
				FA5B07F229310F34005ABF1D /* Release */,
			);
			defaultConfigurationIsVisible = 0;
			defaultConfigurationName = Release;
		};
		FA5B07F329310F34005ABF1D /* Build configuration list for PBXNativeTarget "LOGREG" */ = {
			isa = XCConfigurationList;
			buildConfigurations = (
				FA5B07F429310F34005ABF1D /* Debug */,
				FA5B07F529310F34005ABF1D /* Release */,
			);
			defaultConfigurationIsVisible = 0;
			defaultConfigurationName = Release;
		};
/* End XCConfigurationList section */

/* Begin XCVersionGroup section */
		FA5B07E829310F32005ABF1D /* LOGREG.xcdatamodeld */ = {
			isa = XCVersionGroup;
			children = (
				FA5B07E929310F32005ABF1D /* LOGREG.xcdatamodel */,
			);
			currentVersion = FA5B07E929310F32005ABF1D /* LOGREG.xcdatamodel */;
			path = LOGREG.xcdatamodeld;
			sourceTree = "<group>";
			versionGroupType = wrapper.xcdatamodel;
		};
/* End XCVersionGroup section */
	};
	rootObject = FA5B07D429310F32005ABF1D /* Project object */;
}
